
Microsoft Visual Studio Solution File, Format Version 12.00
# Visual Studio 15
VisualStudioVersion = 15.0.28010.2036
MinimumVisualStudioVersion = 10.0.40219.1
Project("{8BC9CEB8-8B4A-11D0-8D11-00A0C91BC942}") = "testsocket", "testsocket\testsocket.vcxproj", "{6285718A-C79B-4179-A3E6-AAEA1E8B482D}"
EndProject
Global
	GlobalSection(SolutionConfigurationPlatforms) = preSolution
		Debug|x64 = Debug|x64
		Debug|x86 = Debug|x86
		Release|x64 = Release|x64
		Release|x86 = Release|x86
	EndGlobalSection
	GlobalSection(ProjectConfigurationPlatforms) = postSolution
		{6285718A-C79B-4179-A3E6-AAEA1E8B482D}.Debug|x64.ActiveCfg = Debug|x64
		{6285718A-C79B-4179-A3E6-AAEA1E8B482D}.Debug|x64.Build.0 = Debug|x64
		{6285718A-C79B-4179-A3E6-AAEA1E8B482D}.Debug|x86.ActiveCfg = Debug|Win32
		{6285718A-C79B-4179-A3E6-AAEA1E8B482D}.Debug|x86.Build.0 = Debug|Win32
		{6285718A-C79B-4179-A3E6-AAEA1E8B482D}.Release|x64.ActiveCfg = Release|x64
		{6285718A-C79B-4179-A3E6-AAEA1E8B482D}.Release|x64.Build.0 = Release|x64
		{6285718A-C79B-4179-A3E6-AAEA1E8B482D}.Release|x86.ActiveCfg = Release|Win32
		{6285718A-C79B-4179-A3E6-AAEA1E8B482D}.Release|x86.Build.0 = Release|Win32
	EndGlobalSection
	GlobalSection(SolutionProperties) = preSolution
		HideSolutionNode = FALSE
	EndGlobalSection
	GlobalSection(ExtensibilityGlobals) = postSolution
		SolutionGuid = {390FCE2D-8E34-4D7D-B4A3-95CC51F80AD2}
	EndGlobalSection
EndGlobal
